{
  "name": "locus",
  "version": "0.0.1",
  "lockfileVersion": 3,
  "requires": true,
  "packages": {
    "": {
      "name": "locus",
      "version": "0.0.1",
      "license": "MIT",
      "dependencies": {
        "static-handler": "^0.4.3"
      },
      "devDependencies": {
        "assemblyscript": "^0.27.22"
      }
    },
    "node_modules/assemblyscript": {
      "version": "0.27.22",
      "resolved": "https://registry.npmjs.org/assemblyscript/-/assemblyscript-0.27.22.tgz",
      "integrity": "sha512-6ClobsR4Hxn6K0daYp/+n9qWTqVbpdVeSGSVDqRvUEz66vvFb8atS6nLm+fnQ54JXuXmzLQy0uWYYgB8G59btQ==",
      "dev": true,
      "dependencies": {
        "binaryen": "116.0.0-nightly.20231102",
        "long": "^5.2.1"
      },
      "bin": {
        "asc": "bin/asc.js",
        "asinit": "bin/asinit.js"
      },
      "engines": {
        "node": ">=16",
        "npm": ">=7"
      },
      "funding": {
        "type": "opencollective",
        "url": "https://opencollective.com/assemblyscript"
      }
    },
    "node_modules/binaryen": {
      "version": "116.0.0-nightly.20231102",
      "resolved": "https://registry.npmjs.org/binaryen/-/binaryen-116.0.0-nightly.20231102.tgz",
      "integrity": "sha512-aPU9tlKdw/gcXx6u4PxtDgOtGjg/ZKnYdk23ctYb70GxZgPhWnGWmnBt01aV5dt5yFFo2V4rbB7SzpSFhViFQA==",
      "dev": true,
      "bin": {
        "wasm-opt": "bin/wasm-opt",
        "wasm2js": "bin/wasm2js"
      }
    },
    "node_modules/long": {
      "version": "5.2.3",
      "resolved": "https://registry.npmjs.org/long/-/long-5.2.3.tgz",
      "integrity": "sha512-lcHwpNoggQTObv5apGNCTdJrO69eHOZMi4BNC+rTLER8iHAqGrUVeLh/irVIM7zTw2bOXA8T6uNPeujwOLg/2Q==",
      "dev": true
    },
    "node_modules/mime-db": {
      "version": "1.52.0",
      "resolved": "https://registry.npmjs.org/mime-db/-/mime-db-1.52.0.tgz",
      "integrity": "sha512-sPU4uV7dYlvtWJxwwxHD0PuihVNiE7TyAbQ5SWxDCB9mUYvOgroQOwYQQOKPJ8CIbE+1ETVlOoK1UC2nU3gYvg==",
      "engines": {
        "node": ">= 0.6"
      }
    },
    "node_modules/mime-types": {
      "version": "2.1.35",
      "resolved": "https://registry.npmjs.org/mime-types/-/mime-types-2.1.35.tgz",
      "integrity": "sha512-ZDY+bPm5zTTF+YpCrAU9nK0UgICYPT0QtT1NZWFv4s++TNkcgVaT0g6+4R2uI4MjQjzysHB1zxuWL50hzaeXiw==",
      "dependencies": {
        "mime-db": "1.52.0"
      },
      "engines": {
        "node": ">= 0.6"
      }
    },
    "node_modules/static-handler": {
      "version": "0.4.3",
      "resolved": "https://registry.npmjs.org/static-handler/-/static-handler-0.4.3.tgz",
      "integrity": "sha512-rHi6vtxW/kjC+L18cRVAICAp/ymTjyvZHCPXIrejrlVrRrNxrVGk9FNCg+rC9wM7SpZ9euyjsr7tNVtqpA2iLA==",
      "dependencies": {
        "mime-types": "^2.1.35"
      },
      "bin": {
        "static-handler": "static-handler.cjs"
      },
      "engines": {
        "node": ">=16"
      }
    }
  }
}
